
Microsoft Visual Studio Solution File, Format Version 12.00
# Visual Studio Version 17
VisualStudioVersion = 17.4.33403.182
MinimumVisualStudioVersion = 10.0.40219.1
Project("{FAE04EC0-301F-11D3-BF4B-00C04F79EFBC}") = "Lab2Task1", "Lab2Task1\Lab2Task1.csproj", "{1286C493-BF37-4786-8CC7-B5203FE8458C}"
EndProject
Global
	GlobalSection(SolutionConfigurationPlatforms) = preSolution
		Debug|Any CPU = Debug|Any CPU
		Release|Any CPU = Release|Any CPU
	EndGlobalSection
	GlobalSection(ProjectConfigurationPlatforms) = postSolution
		{1286C493-BF37-4786-8CC7-B5203FE8458C}.Debug|Any CPU.ActiveCfg = Debug|Any CPU
		{1286C493-BF37-4786-8CC7-B5203FE8458C}.Debug|Any CPU.Build.0 = Debug|Any CPU
		{1286C493-BF37-4786-8CC7-B5203FE8458C}.Release|Any CPU.ActiveCfg = Release|Any CPU
		{1286C493-BF37-4786-8CC7-B5203FE8458C}.Release|Any CPU.Build.0 = Release|Any CPU
	EndGlobalSection
	GlobalSection(SolutionProperties) = preSolution
		HideSolutionNode = FALSE
	EndGlobalSection
	GlobalSection(ExtensibilityGlobals) = postSolution
		SolutionGuid = {D35767FD-356C-45F6-AD67-EDB055F18F9C}
	EndGlobalSection
EndGlobal
