
Microsoft Visual Studio Solution File, Format Version 12.00
# Visual Studio Version 17
VisualStudioVersion = 17.4.33403.182
MinimumVisualStudioVersion = 10.0.40219.1
Project("{FAE04EC0-301F-11D3-BF4B-00C04F79EFBC}") = "Lab2009", "Lab2009\Lab2009.csproj", "{DA6853C5-4691-4F71-B86B-FAC5801AD47A}"
EndProject
Global
	GlobalSection(SolutionConfigurationPlatforms) = preSolution
		Debug|Any CPU = Debug|Any CPU
		Release|Any CPU = Release|Any CPU
	EndGlobalSection
	GlobalSection(ProjectConfigurationPlatforms) = postSolution
		{DA6853C5-4691-4F71-B86B-FAC5801AD47A}.Debug|Any CPU.ActiveCfg = Debug|Any CPU
		{DA6853C5-4691-4F71-B86B-FAC5801AD47A}.Debug|Any CPU.Build.0 = Debug|Any CPU
		{DA6853C5-4691-4F71-B86B-FAC5801AD47A}.Release|Any CPU.ActiveCfg = Release|Any CPU
		{DA6853C5-4691-4F71-B86B-FAC5801AD47A}.Release|Any CPU.Build.0 = Release|Any CPU
	EndGlobalSection
	GlobalSection(SolutionProperties) = preSolution
		HideSolutionNode = FALSE
	EndGlobalSection
	GlobalSection(ExtensibilityGlobals) = postSolution
		SolutionGuid = {C1BF44DE-3C8F-469A-962A-6BE62A5B2FB2}
	EndGlobalSection
EndGlobal
