
Microsoft Visual Studio Solution File, Format Version 12.00
# Visual Studio Version 17
VisualStudioVersion = 17.4.33403.182
MinimumVisualStudioVersion = 10.0.40219.1
Project("{FAE04EC0-301F-11D3-BF4B-00C04F79EFBC}") = "WinFormsApp4", "WinFormsApp4\WinFormsApp4.csproj", "{5E7D124F-452C-430D-B5D2-019D95C38C36}"
EndProject
Global
	GlobalSection(SolutionConfigurationPlatforms) = preSolution
		Debug|Any CPU = Debug|Any CPU
		Release|Any CPU = Release|Any CPU
	EndGlobalSection
	GlobalSection(ProjectConfigurationPlatforms) = postSolution
		{5E7D124F-452C-430D-B5D2-019D95C38C36}.Debug|Any CPU.ActiveCfg = Debug|Any CPU
		{5E7D124F-452C-430D-B5D2-019D95C38C36}.Debug|Any CPU.Build.0 = Debug|Any CPU
		{5E7D124F-452C-430D-B5D2-019D95C38C36}.Release|Any CPU.ActiveCfg = Release|Any CPU
		{5E7D124F-452C-430D-B5D2-019D95C38C36}.Release|Any CPU.Build.0 = Release|Any CPU
	EndGlobalSection
	GlobalSection(SolutionProperties) = preSolution
		HideSolutionNode = FALSE
	EndGlobalSection
	GlobalSection(ExtensibilityGlobals) = postSolution
		SolutionGuid = {2060D7DF-C063-4D68-A85E-10AA6B2D4060}
	EndGlobalSection
EndGlobal
